
Microsoft Visual Studio Solution File, Format Version 12.00
Project("{FAE04EC0-301F-11D3-BF4B-00C04F79EFBC}") = "Arcade64", "Arcade64\Arcade64.csproj", "{405723BD-2A99-4AB6-8B17-25954DF423FF}"
EndProject
Project("{2150E333-8FDC-42A3-9474-1A3956D46DE8}") = "checks", "checks", "{4CF79911-C0E7-4EB0-AC65-B9A0317F458D}"
EndProject
Project("{FAE04EC0-301F-11D3-BF4B-00C04F79EFBC}") = "CheckBasics", "tests\CheckBasics\CheckBasics.csproj", "{AABB21BF-4A48-44D2-AE86-1E5262683C4C}"
EndProject
Project("{FAE04EC0-301F-11D3-BF4B-00C04F79EFBC}") = "CheckGpio", "tests\CheckGpio\CheckGpio.csproj", "{F8BF9022-6FA5-42CE-8EED-79CF93C1E7EC}"
EndProject
Project("{FAE04EC0-301F-11D3-BF4B-00C04F79EFBC}") = "CheckMatrix", "tests\CheckMatrix\CheckMatrix.csproj", "{75ECF322-DF81-479A-BB0B-B6DA2B15AC6C}"
EndProject
Project("{2150E333-8FDC-42A3-9474-1A3956D46DE8}") = "core", "core", "{A92749EE-5CDC-4D2C-AD25-5F63F85ABC73}"
EndProject
Project("{FAE04EC0-301F-11D3-BF4B-00C04F79EFBC}") = "Core.Display", "core\Core.Display\Core.Display.csproj", "{4ADCB05B-012E-46AA-8808-240CE633D8E9}"
EndProject
Project("{FAE04EC0-301F-11D3-BF4B-00C04F79EFBC}") = "CheckSnake", "CheckSnake\CheckSnake.csproj", "{EEF68E59-91FA-41BF-80EB-404186F315C1}"
EndProject
Project("{FAE04EC0-301F-11D3-BF4B-00C04F79EFBC}") = "CheckSeeSaw", "tests\CheckSeeSaw\CheckSeeSaw.csproj", "{F6937536-174D-4B8D-A2D2-546A697D04DA}"
EndProject
Project("{FAE04EC0-301F-11D3-BF4B-00C04F79EFBC}") = "Core.Inputs", "core\Core.Inputs\Core.Inputs.csproj", "{A2A7CB82-D8CA-43D6-A581-971754035F72}"
EndProject
Project("{FAE04EC0-301F-11D3-BF4B-00C04F79EFBC}") = "Draw", "Draw\Draw.csproj", "{3FD98698-0862-41DE-A01B-6337A40272F6}"
EndProject
Project("{FAE04EC0-301F-11D3-BF4B-00C04F79EFBC}") = "Bouncy", "Bouncy\Bouncy.csproj", "{6F156BFE-E485-45FB-805F-952D3696E43D}"
EndProject
Global
	GlobalSection(SolutionConfigurationPlatforms) = preSolution
		Debug|Any CPU = Debug|Any CPU
		Release|Any CPU = Release|Any CPU
	EndGlobalSection
	GlobalSection(ProjectConfigurationPlatforms) = postSolution
		{405723BD-2A99-4AB6-8B17-25954DF423FF}.Debug|Any CPU.ActiveCfg = Debug|Any CPU
		{405723BD-2A99-4AB6-8B17-25954DF423FF}.Debug|Any CPU.Build.0 = Debug|Any CPU
		{405723BD-2A99-4AB6-8B17-25954DF423FF}.Release|Any CPU.ActiveCfg = Release|Any CPU
		{405723BD-2A99-4AB6-8B17-25954DF423FF}.Release|Any CPU.Build.0 = Release|Any CPU
		{AABB21BF-4A48-44D2-AE86-1E5262683C4C}.Debug|Any CPU.ActiveCfg = Debug|Any CPU
		{AABB21BF-4A48-44D2-AE86-1E5262683C4C}.Debug|Any CPU.Build.0 = Debug|Any CPU
		{AABB21BF-4A48-44D2-AE86-1E5262683C4C}.Release|Any CPU.ActiveCfg = Release|Any CPU
		{AABB21BF-4A48-44D2-AE86-1E5262683C4C}.Release|Any CPU.Build.0 = Release|Any CPU
		{F8BF9022-6FA5-42CE-8EED-79CF93C1E7EC}.Debug|Any CPU.ActiveCfg = Debug|Any CPU
		{F8BF9022-6FA5-42CE-8EED-79CF93C1E7EC}.Debug|Any CPU.Build.0 = Debug|Any CPU
		{F8BF9022-6FA5-42CE-8EED-79CF93C1E7EC}.Release|Any CPU.ActiveCfg = Release|Any CPU
		{F8BF9022-6FA5-42CE-8EED-79CF93C1E7EC}.Release|Any CPU.Build.0 = Release|Any CPU
		{75ECF322-DF81-479A-BB0B-B6DA2B15AC6C}.Debug|Any CPU.ActiveCfg = Debug|Any CPU
		{75ECF322-DF81-479A-BB0B-B6DA2B15AC6C}.Debug|Any CPU.Build.0 = Debug|Any CPU
		{75ECF322-DF81-479A-BB0B-B6DA2B15AC6C}.Release|Any CPU.ActiveCfg = Release|Any CPU
		{75ECF322-DF81-479A-BB0B-B6DA2B15AC6C}.Release|Any CPU.Build.0 = Release|Any CPU
		{4ADCB05B-012E-46AA-8808-240CE633D8E9}.Debug|Any CPU.ActiveCfg = Debug|Any CPU
		{4ADCB05B-012E-46AA-8808-240CE633D8E9}.Debug|Any CPU.Build.0 = Debug|Any CPU
		{4ADCB05B-012E-46AA-8808-240CE633D8E9}.Release|Any CPU.ActiveCfg = Release|Any CPU
		{4ADCB05B-012E-46AA-8808-240CE633D8E9}.Release|Any CPU.Build.0 = Release|Any CPU
		{EEF68E59-91FA-41BF-80EB-404186F315C1}.Debug|Any CPU.ActiveCfg = Debug|Any CPU
		{EEF68E59-91FA-41BF-80EB-404186F315C1}.Debug|Any CPU.Build.0 = Debug|Any CPU
		{EEF68E59-91FA-41BF-80EB-404186F315C1}.Release|Any CPU.ActiveCfg = Release|Any CPU
		{EEF68E59-91FA-41BF-80EB-404186F315C1}.Release|Any CPU.Build.0 = Release|Any CPU
		{F6937536-174D-4B8D-A2D2-546A697D04DA}.Debug|Any CPU.ActiveCfg = Debug|Any CPU
		{F6937536-174D-4B8D-A2D2-546A697D04DA}.Debug|Any CPU.Build.0 = Debug|Any CPU
		{F6937536-174D-4B8D-A2D2-546A697D04DA}.Release|Any CPU.ActiveCfg = Release|Any CPU
		{F6937536-174D-4B8D-A2D2-546A697D04DA}.Release|Any CPU.Build.0 = Release|Any CPU
		{A2A7CB82-D8CA-43D6-A581-971754035F72}.Debug|Any CPU.ActiveCfg = Debug|Any CPU
		{A2A7CB82-D8CA-43D6-A581-971754035F72}.Debug|Any CPU.Build.0 = Debug|Any CPU
		{A2A7CB82-D8CA-43D6-A581-971754035F72}.Release|Any CPU.ActiveCfg = Release|Any CPU
		{A2A7CB82-D8CA-43D6-A581-971754035F72}.Release|Any CPU.Build.0 = Release|Any CPU
		{3FD98698-0862-41DE-A01B-6337A40272F6}.Debug|Any CPU.ActiveCfg = Debug|Any CPU
		{3FD98698-0862-41DE-A01B-6337A40272F6}.Debug|Any CPU.Build.0 = Debug|Any CPU
		{3FD98698-0862-41DE-A01B-6337A40272F6}.Release|Any CPU.ActiveCfg = Release|Any CPU
		{3FD98698-0862-41DE-A01B-6337A40272F6}.Release|Any CPU.Build.0 = Release|Any CPU
		{6F156BFE-E485-45FB-805F-952D3696E43D}.Debug|Any CPU.ActiveCfg = Debug|Any CPU
		{6F156BFE-E485-45FB-805F-952D3696E43D}.Debug|Any CPU.Build.0 = Debug|Any CPU
		{6F156BFE-E485-45FB-805F-952D3696E43D}.Release|Any CPU.ActiveCfg = Release|Any CPU
		{6F156BFE-E485-45FB-805F-952D3696E43D}.Release|Any CPU.Build.0 = Release|Any CPU
	EndGlobalSection
	GlobalSection(NestedProjects) = preSolution
		{AABB21BF-4A48-44D2-AE86-1E5262683C4C} = {4CF79911-C0E7-4EB0-AC65-B9A0317F458D}
		{F8BF9022-6FA5-42CE-8EED-79CF93C1E7EC} = {4CF79911-C0E7-4EB0-AC65-B9A0317F458D}
		{75ECF322-DF81-479A-BB0B-B6DA2B15AC6C} = {4CF79911-C0E7-4EB0-AC65-B9A0317F458D}
		{4ADCB05B-012E-46AA-8808-240CE633D8E9} = {A92749EE-5CDC-4D2C-AD25-5F63F85ABC73}
		{EEF68E59-91FA-41BF-80EB-404186F315C1} = {4CF79911-C0E7-4EB0-AC65-B9A0317F458D}
		{F6937536-174D-4B8D-A2D2-546A697D04DA} = {4CF79911-C0E7-4EB0-AC65-B9A0317F458D}
		{A2A7CB82-D8CA-43D6-A581-971754035F72} = {A92749EE-5CDC-4D2C-AD25-5F63F85ABC73}
	EndGlobalSection
EndGlobal
