
Microsoft Visual Studio Solution File, Format Version 12.00
Project("{2150E333-8FDC-42A3-9474-1A3956D46DE8}") = "0-checks", "0-checks", "{4CF79911-C0E7-4EB0-AC65-B9A0317F458D}"
EndProject
Project("{FAE04EC0-301F-11D3-BF4B-00C04F79EFBC}") = "CheckBasics", "tests\CheckBasics\CheckBasics.csproj", "{AABB21BF-4A48-44D2-AE86-1E5262683C4C}"
EndProject
Project("{FAE04EC0-301F-11D3-BF4B-00C04F79EFBC}") = "CheckGpio", "tests\CheckGpio\CheckGpio.csproj", "{F8BF9022-6FA5-42CE-8EED-79CF93C1E7EC}"
EndProject
Project("{FAE04EC0-301F-11D3-BF4B-00C04F79EFBC}") = "CheckMatrix", "tests\CheckMatrix\CheckMatrix.csproj", "{75ECF322-DF81-479A-BB0B-B6DA2B15AC6C}"
EndProject
Project("{2150E333-8FDC-42A3-9474-1A3956D46DE8}") = "1-core", "1-core", "{A92749EE-5CDC-4D2C-AD25-5F63F85ABC73}"
EndProject
Project("{FAE04EC0-301F-11D3-BF4B-00C04F79EFBC}") = "Core.Display", "core\Core.Display\Core.Display.csproj", "{4ADCB05B-012E-46AA-8808-240CE633D8E9}"
EndProject
Project("{FAE04EC0-301F-11D3-BF4B-00C04F79EFBC}") = "CheckSnake", "CheckSnake\CheckSnake.csproj", "{EEF68E59-91FA-41BF-80EB-404186F315C1}"
EndProject
Project("{FAE04EC0-301F-11D3-BF4B-00C04F79EFBC}") = "CheckSeeSaw", "tests\CheckSeeSaw\CheckSeeSaw.csproj", "{F6937536-174D-4B8D-A2D2-546A697D04DA}"
EndProject
Project("{FAE04EC0-301F-11D3-BF4B-00C04F79EFBC}") = "Bouncy", "Bouncy\Bouncy.csproj", "{6F156BFE-E485-45FB-805F-952D3696E43D}"
EndProject
Project("{FAE04EC0-301F-11D3-BF4B-00C04F79EFBC}") = "Pong", "Pong\Pong.csproj", "{91886E76-D146-4A29-AB29-A058EDCEC8AB}"
EndProject
Project("{FAE04EC0-301F-11D3-BF4B-00C04F79EFBC}") = "Snake", "Snake\Snake.csproj", "{3F8A98CA-385A-4F77-97E9-164078E93F52}"
EndProject
Project("{FAE04EC0-301F-11D3-BF4B-00C04F79EFBC}") = "Tetris", "Tetris\Tetris.csproj", "{2684FD42-AFBB-424A-A69C-EEB4E289BFE9}"
EndProject
Project("{FAE04EC0-301F-11D3-BF4B-00C04F79EFBC}") = "SpaceInvaders2", "SpaceInvaders2\SpaceInvaders2.csproj", "{13693A3A-95B6-4514-9DB1-EB19F5158E24}"
EndProject
Project("{FAE04EC0-301F-11D3-BF4B-00C04F79EFBC}") = "Breakout", "Breakout\Breakout.csproj", "{BA3C48A0-2768-4473-B947-5A0CA4E955A8}"
EndProject
Project("{FAE04EC0-301F-11D3-BF4B-00C04F79EFBC}") = "Frogger", "Frogger\Frogger.csproj", "{06FCC70E-0507-47E6-A937-84C1EDD71C76}"
EndProject
Project("{FAE04EC0-301F-11D3-BF4B-00C04F79EFBC}") = "FlappyBird", "FlappyBird\FlappyBird.csproj", "{F3E5A0A9-0ABC-49A6-BA57-A03661807A47}"
EndProject
Project("{FAE04EC0-301F-11D3-BF4B-00C04F79EFBC}") = "Minesweeper", "Minesweeper\Minesweeper.csproj", "{EDBF7ED5-BC05-40AD-89A6-97CE9D6AFEB1}"
EndProject
Project("{FAE04EC0-301F-11D3-BF4B-00C04F79EFBC}") = "All", "All\All.csproj", "{15194ED1-3CD4-4DC4-BF69-0FD7FE98AC4A}"
EndProject
Project("{2150E333-8FDC-42A3-9474-1A3956D46DE8}") = "2b-ethan", "2b-ethan", "{841E24D3-83D6-49D1-A82D-B7AD815A2C66}"
EndProject
Project("{FAE04EC0-301F-11D3-BF4B-00C04F79EFBC}") = "ePong", "ePong\ePong.csproj", "{F77B2CCD-2378-4AEF-A980-6047B0409163}"
EndProject
Project("{FAE04EC0-301F-11D3-BF4B-00C04F79EFBC}") = "Core", "core\Core\Core.csproj", "{AB4C99E0-A943-4D8B-B09C-9167F9AB4985}"
EndProject
Project("{FAE04EC0-301F-11D3-BF4B-00C04F79EFBC}") = "BomberMan", "BomberMan\BomberMan.csproj", "{4D38CD2A-9D33-40BC-AA35-8BDEB18AEF56}"
EndProject
Project("{FAE04EC0-301F-11D3-BF4B-00C04F79EFBC}") = "Othello", "Othello\Othello.csproj", "{30F64A50-0E1B-4FA2-9C0F-74D5BD82CF57}"
EndProject
Project("{FAE04EC0-301F-11D3-BF4B-00C04F79EFBC}") = "Checkers", "Checkers\Checkers.csproj", "{312E5799-D7D1-4109-8497-04C4AC3B43F5}"
EndProject
Project("{FAE04EC0-301F-11D3-BF4B-00C04F79EFBC}") = "ConnectFour", "ConnectFour\ConnectFour.csproj", "{9E427256-229C-4DD8-A9C5-26294B4B25B1}"
EndProject
Project("{FAE04EC0-301F-11D3-BF4B-00C04F79EFBC}") = "Asteroids", "Asteroids\Asteroids.csproj", "{1986A5DF-ED8A-4F75-841B-5E44DD345FCF}"
EndProject
Project("{FAE04EC0-301F-11D3-BF4B-00C04F79EFBC}") = "MemoryCard", "MemoryCard\MemoryCard.csproj", "{FEC28F36-EC6D-4299-AEDD-26F61BC94CE2}"
EndProject
Project("{FAE04EC0-301F-11D3-BF4B-00C04F79EFBC}") = "DigDug", "DigDug\DigDug.csproj", "{F95A0C94-3298-49A7-A89A-70DAB0EC2F87}"
EndProject
Project("{2150E333-8FDC-42A3-9474-1A3956D46DE8}") = "scripts", "scripts", "{A291C2BF-4A4E-4579-AE39-8951DBCB5490}"
	ProjectSection(SolutionItems) = preProject
		publish.sh = publish.sh
	EndProjectSection
EndProject
Project("{FAE04EC0-301F-11D3-BF4B-00C04F79EFBC}") = "CheckAudio", "tests\CheckAudio\CheckAudio.csproj", "{FA81A311-939B-40FB-BD3A-77A822460288}"
EndProject
Project("{FAE04EC0-301F-11D3-BF4B-00C04F79EFBC}") = "AstroChicken", "AstroChicken\AstroChicken.csproj", "{FC12E31D-4467-4977-A04B-5FF098EEB9F7}"
EndProject
Project("{FAE04EC0-301F-11D3-BF4B-00C04F79EFBC}") = "Speed", "Speed\Speed.csproj", "{EEA97998-CB2B-42D1-89EF-02DB575DE9B5}"
EndProject
Project("{FAE04EC0-301F-11D3-BF4B-00C04F79EFBC}") = "Mastermind", "Mastermind\Mastermind.csproj", "{4F9AB045-E80E-44EC-AB71-52B49190ACA8}"
EndProject
Project("{2150E333-8FDC-42A3-9474-1A3956D46DE8}") = "2-draft", "2-draft", "{A3AF00FF-81B2-40EF-B731-96B069E38B53}"
EndProject
Project("{2150E333-8FDC-42A3-9474-1A3956D46DE8}") = "4-complete", "4-complete", "{510DC3F2-52AD-431F-B682-CF5BE9FC669E}"
EndProject
Project("{2150E333-8FDC-42A3-9474-1A3956D46DE8}") = "3-wip", "3-wip", "{C617A4F5-3DFC-4836-A1DA-DA4CC36DB670}"
EndProject
Project("{FAE04EC0-301F-11D3-BF4B-00C04F79EFBC}") = "PacificWings", "PacificWings\PacificWings.csproj", "{0B546DF1-CAF5-4745-893D-69B059325675}"
EndProject
Project("{FAE04EC0-301F-11D3-BF4B-00C04F79EFBC}") = "Maze", "Maze\Maze.csproj", "{F4AD50E7-57FD-41F5-8349-639603765711}"
EndProject
Project("{FAE04EC0-301F-11D3-BF4B-00C04F79EFBC}") = "Chess", "Chess\Chess.csproj", "{01046F16-1136-4613-BDEA-CB624AD82A25}"
EndProject
Global
	GlobalSection(SolutionConfigurationPlatforms) = preSolution
		Debug|Any CPU = Debug|Any CPU
		Release|Any CPU = Release|Any CPU
	EndGlobalSection
	GlobalSection(ProjectConfigurationPlatforms) = postSolution
		{AABB21BF-4A48-44D2-AE86-1E5262683C4C}.Debug|Any CPU.ActiveCfg = Debug|Any CPU
		{AABB21BF-4A48-44D2-AE86-1E5262683C4C}.Debug|Any CPU.Build.0 = Debug|Any CPU
		{AABB21BF-4A48-44D2-AE86-1E5262683C4C}.Release|Any CPU.ActiveCfg = Release|Any CPU
		{AABB21BF-4A48-44D2-AE86-1E5262683C4C}.Release|Any CPU.Build.0 = Release|Any CPU
		{F8BF9022-6FA5-42CE-8EED-79CF93C1E7EC}.Debug|Any CPU.ActiveCfg = Debug|Any CPU
		{F8BF9022-6FA5-42CE-8EED-79CF93C1E7EC}.Debug|Any CPU.Build.0 = Debug|Any CPU
		{F8BF9022-6FA5-42CE-8EED-79CF93C1E7EC}.Release|Any CPU.ActiveCfg = Release|Any CPU
		{F8BF9022-6FA5-42CE-8EED-79CF93C1E7EC}.Release|Any CPU.Build.0 = Release|Any CPU
		{75ECF322-DF81-479A-BB0B-B6DA2B15AC6C}.Debug|Any CPU.ActiveCfg = Debug|Any CPU
		{75ECF322-DF81-479A-BB0B-B6DA2B15AC6C}.Debug|Any CPU.Build.0 = Debug|Any CPU
		{75ECF322-DF81-479A-BB0B-B6DA2B15AC6C}.Release|Any CPU.ActiveCfg = Release|Any CPU
		{75ECF322-DF81-479A-BB0B-B6DA2B15AC6C}.Release|Any CPU.Build.0 = Release|Any CPU
		{4ADCB05B-012E-46AA-8808-240CE633D8E9}.Debug|Any CPU.ActiveCfg = Debug|Any CPU
		{4ADCB05B-012E-46AA-8808-240CE633D8E9}.Debug|Any CPU.Build.0 = Debug|Any CPU
		{4ADCB05B-012E-46AA-8808-240CE633D8E9}.Release|Any CPU.ActiveCfg = Release|Any CPU
		{4ADCB05B-012E-46AA-8808-240CE633D8E9}.Release|Any CPU.Build.0 = Release|Any CPU
		{EEF68E59-91FA-41BF-80EB-404186F315C1}.Debug|Any CPU.ActiveCfg = Debug|Any CPU
		{EEF68E59-91FA-41BF-80EB-404186F315C1}.Debug|Any CPU.Build.0 = Debug|Any CPU
		{EEF68E59-91FA-41BF-80EB-404186F315C1}.Release|Any CPU.ActiveCfg = Release|Any CPU
		{EEF68E59-91FA-41BF-80EB-404186F315C1}.Release|Any CPU.Build.0 = Release|Any CPU
		{F6937536-174D-4B8D-A2D2-546A697D04DA}.Debug|Any CPU.ActiveCfg = Debug|Any CPU
		{F6937536-174D-4B8D-A2D2-546A697D04DA}.Debug|Any CPU.Build.0 = Debug|Any CPU
		{F6937536-174D-4B8D-A2D2-546A697D04DA}.Release|Any CPU.ActiveCfg = Release|Any CPU
		{F6937536-174D-4B8D-A2D2-546A697D04DA}.Release|Any CPU.Build.0 = Release|Any CPU
		{6F156BFE-E485-45FB-805F-952D3696E43D}.Debug|Any CPU.ActiveCfg = Debug|Any CPU
		{6F156BFE-E485-45FB-805F-952D3696E43D}.Debug|Any CPU.Build.0 = Debug|Any CPU
		{6F156BFE-E485-45FB-805F-952D3696E43D}.Release|Any CPU.ActiveCfg = Release|Any CPU
		{6F156BFE-E485-45FB-805F-952D3696E43D}.Release|Any CPU.Build.0 = Release|Any CPU
		{91886E76-D146-4A29-AB29-A058EDCEC8AB}.Debug|Any CPU.ActiveCfg = Debug|Any CPU
		{91886E76-D146-4A29-AB29-A058EDCEC8AB}.Debug|Any CPU.Build.0 = Debug|Any CPU
		{91886E76-D146-4A29-AB29-A058EDCEC8AB}.Release|Any CPU.ActiveCfg = Release|Any CPU
		{91886E76-D146-4A29-AB29-A058EDCEC8AB}.Release|Any CPU.Build.0 = Release|Any CPU
		{3F8A98CA-385A-4F77-97E9-164078E93F52}.Debug|Any CPU.ActiveCfg = Debug|Any CPU
		{3F8A98CA-385A-4F77-97E9-164078E93F52}.Debug|Any CPU.Build.0 = Debug|Any CPU
		{3F8A98CA-385A-4F77-97E9-164078E93F52}.Release|Any CPU.ActiveCfg = Release|Any CPU
		{3F8A98CA-385A-4F77-97E9-164078E93F52}.Release|Any CPU.Build.0 = Release|Any CPU
		{2684FD42-AFBB-424A-A69C-EEB4E289BFE9}.Debug|Any CPU.ActiveCfg = Debug|Any CPU
		{2684FD42-AFBB-424A-A69C-EEB4E289BFE9}.Debug|Any CPU.Build.0 = Debug|Any CPU
		{2684FD42-AFBB-424A-A69C-EEB4E289BFE9}.Release|Any CPU.ActiveCfg = Release|Any CPU
		{2684FD42-AFBB-424A-A69C-EEB4E289BFE9}.Release|Any CPU.Build.0 = Release|Any CPU
		{13693A3A-95B6-4514-9DB1-EB19F5158E24}.Debug|Any CPU.ActiveCfg = Debug|Any CPU
		{13693A3A-95B6-4514-9DB1-EB19F5158E24}.Debug|Any CPU.Build.0 = Debug|Any CPU
		{13693A3A-95B6-4514-9DB1-EB19F5158E24}.Release|Any CPU.ActiveCfg = Release|Any CPU
		{13693A3A-95B6-4514-9DB1-EB19F5158E24}.Release|Any CPU.Build.0 = Release|Any CPU
		{BA3C48A0-2768-4473-B947-5A0CA4E955A8}.Debug|Any CPU.ActiveCfg = Debug|Any CPU
		{BA3C48A0-2768-4473-B947-5A0CA4E955A8}.Debug|Any CPU.Build.0 = Debug|Any CPU
		{BA3C48A0-2768-4473-B947-5A0CA4E955A8}.Release|Any CPU.ActiveCfg = Release|Any CPU
		{BA3C48A0-2768-4473-B947-5A0CA4E955A8}.Release|Any CPU.Build.0 = Release|Any CPU
		{06FCC70E-0507-47E6-A937-84C1EDD71C76}.Debug|Any CPU.ActiveCfg = Debug|Any CPU
		{06FCC70E-0507-47E6-A937-84C1EDD71C76}.Debug|Any CPU.Build.0 = Debug|Any CPU
		{06FCC70E-0507-47E6-A937-84C1EDD71C76}.Release|Any CPU.ActiveCfg = Release|Any CPU
		{06FCC70E-0507-47E6-A937-84C1EDD71C76}.Release|Any CPU.Build.0 = Release|Any CPU
		{F3E5A0A9-0ABC-49A6-BA57-A03661807A47}.Debug|Any CPU.ActiveCfg = Debug|Any CPU
		{F3E5A0A9-0ABC-49A6-BA57-A03661807A47}.Debug|Any CPU.Build.0 = Debug|Any CPU
		{F3E5A0A9-0ABC-49A6-BA57-A03661807A47}.Release|Any CPU.ActiveCfg = Release|Any CPU
		{F3E5A0A9-0ABC-49A6-BA57-A03661807A47}.Release|Any CPU.Build.0 = Release|Any CPU
		{EDBF7ED5-BC05-40AD-89A6-97CE9D6AFEB1}.Debug|Any CPU.ActiveCfg = Debug|Any CPU
		{EDBF7ED5-BC05-40AD-89A6-97CE9D6AFEB1}.Debug|Any CPU.Build.0 = Debug|Any CPU
		{EDBF7ED5-BC05-40AD-89A6-97CE9D6AFEB1}.Release|Any CPU.ActiveCfg = Release|Any CPU
		{EDBF7ED5-BC05-40AD-89A6-97CE9D6AFEB1}.Release|Any CPU.Build.0 = Release|Any CPU
		{15194ED1-3CD4-4DC4-BF69-0FD7FE98AC4A}.Debug|Any CPU.ActiveCfg = Debug|Any CPU
		{15194ED1-3CD4-4DC4-BF69-0FD7FE98AC4A}.Debug|Any CPU.Build.0 = Debug|Any CPU
		{15194ED1-3CD4-4DC4-BF69-0FD7FE98AC4A}.Release|Any CPU.ActiveCfg = Release|Any CPU
		{15194ED1-3CD4-4DC4-BF69-0FD7FE98AC4A}.Release|Any CPU.Build.0 = Release|Any CPU
		{F77B2CCD-2378-4AEF-A980-6047B0409163}.Debug|Any CPU.ActiveCfg = Debug|Any CPU
		{F77B2CCD-2378-4AEF-A980-6047B0409163}.Debug|Any CPU.Build.0 = Debug|Any CPU
		{F77B2CCD-2378-4AEF-A980-6047B0409163}.Release|Any CPU.ActiveCfg = Release|Any CPU
		{F77B2CCD-2378-4AEF-A980-6047B0409163}.Release|Any CPU.Build.0 = Release|Any CPU
		{AB4C99E0-A943-4D8B-B09C-9167F9AB4985}.Debug|Any CPU.ActiveCfg = Debug|Any CPU
		{AB4C99E0-A943-4D8B-B09C-9167F9AB4985}.Debug|Any CPU.Build.0 = Debug|Any CPU
		{AB4C99E0-A943-4D8B-B09C-9167F9AB4985}.Release|Any CPU.ActiveCfg = Release|Any CPU
		{AB4C99E0-A943-4D8B-B09C-9167F9AB4985}.Release|Any CPU.Build.0 = Release|Any CPU
		{4D38CD2A-9D33-40BC-AA35-8BDEB18AEF56}.Debug|Any CPU.ActiveCfg = Debug|Any CPU
		{4D38CD2A-9D33-40BC-AA35-8BDEB18AEF56}.Debug|Any CPU.Build.0 = Debug|Any CPU
		{4D38CD2A-9D33-40BC-AA35-8BDEB18AEF56}.Release|Any CPU.ActiveCfg = Release|Any CPU
		{4D38CD2A-9D33-40BC-AA35-8BDEB18AEF56}.Release|Any CPU.Build.0 = Release|Any CPU
		{30F64A50-0E1B-4FA2-9C0F-74D5BD82CF57}.Debug|Any CPU.ActiveCfg = Debug|Any CPU
		{30F64A50-0E1B-4FA2-9C0F-74D5BD82CF57}.Debug|Any CPU.Build.0 = Debug|Any CPU
		{30F64A50-0E1B-4FA2-9C0F-74D5BD82CF57}.Release|Any CPU.ActiveCfg = Release|Any CPU
		{30F64A50-0E1B-4FA2-9C0F-74D5BD82CF57}.Release|Any CPU.Build.0 = Release|Any CPU
		{312E5799-D7D1-4109-8497-04C4AC3B43F5}.Debug|Any CPU.ActiveCfg = Debug|Any CPU
		{312E5799-D7D1-4109-8497-04C4AC3B43F5}.Debug|Any CPU.Build.0 = Debug|Any CPU
		{312E5799-D7D1-4109-8497-04C4AC3B43F5}.Release|Any CPU.ActiveCfg = Release|Any CPU
		{312E5799-D7D1-4109-8497-04C4AC3B43F5}.Release|Any CPU.Build.0 = Release|Any CPU
		{9E427256-229C-4DD8-A9C5-26294B4B25B1}.Debug|Any CPU.ActiveCfg = Debug|Any CPU
		{9E427256-229C-4DD8-A9C5-26294B4B25B1}.Debug|Any CPU.Build.0 = Debug|Any CPU
		{9E427256-229C-4DD8-A9C5-26294B4B25B1}.Release|Any CPU.ActiveCfg = Release|Any CPU
		{9E427256-229C-4DD8-A9C5-26294B4B25B1}.Release|Any CPU.Build.0 = Release|Any CPU
		{1986A5DF-ED8A-4F75-841B-5E44DD345FCF}.Debug|Any CPU.ActiveCfg = Debug|Any CPU
		{1986A5DF-ED8A-4F75-841B-5E44DD345FCF}.Debug|Any CPU.Build.0 = Debug|Any CPU
		{1986A5DF-ED8A-4F75-841B-5E44DD345FCF}.Release|Any CPU.ActiveCfg = Release|Any CPU
		{1986A5DF-ED8A-4F75-841B-5E44DD345FCF}.Release|Any CPU.Build.0 = Release|Any CPU
		{FEC28F36-EC6D-4299-AEDD-26F61BC94CE2}.Debug|Any CPU.ActiveCfg = Debug|Any CPU
		{FEC28F36-EC6D-4299-AEDD-26F61BC94CE2}.Debug|Any CPU.Build.0 = Debug|Any CPU
		{FEC28F36-EC6D-4299-AEDD-26F61BC94CE2}.Release|Any CPU.ActiveCfg = Release|Any CPU
		{FEC28F36-EC6D-4299-AEDD-26F61BC94CE2}.Release|Any CPU.Build.0 = Release|Any CPU
		{F95A0C94-3298-49A7-A89A-70DAB0EC2F87}.Debug|Any CPU.ActiveCfg = Debug|Any CPU
		{F95A0C94-3298-49A7-A89A-70DAB0EC2F87}.Debug|Any CPU.Build.0 = Debug|Any CPU
		{F95A0C94-3298-49A7-A89A-70DAB0EC2F87}.Release|Any CPU.ActiveCfg = Release|Any CPU
		{F95A0C94-3298-49A7-A89A-70DAB0EC2F87}.Release|Any CPU.Build.0 = Release|Any CPU
		{FA81A311-939B-40FB-BD3A-77A822460288}.Debug|Any CPU.ActiveCfg = Debug|Any CPU
		{FA81A311-939B-40FB-BD3A-77A822460288}.Debug|Any CPU.Build.0 = Debug|Any CPU
		{FA81A311-939B-40FB-BD3A-77A822460288}.Release|Any CPU.ActiveCfg = Release|Any CPU
		{FA81A311-939B-40FB-BD3A-77A822460288}.Release|Any CPU.Build.0 = Release|Any CPU
		{FC12E31D-4467-4977-A04B-5FF098EEB9F7}.Debug|Any CPU.ActiveCfg = Debug|Any CPU
		{FC12E31D-4467-4977-A04B-5FF098EEB9F7}.Debug|Any CPU.Build.0 = Debug|Any CPU
		{FC12E31D-4467-4977-A04B-5FF098EEB9F7}.Release|Any CPU.ActiveCfg = Release|Any CPU
		{FC12E31D-4467-4977-A04B-5FF098EEB9F7}.Release|Any CPU.Build.0 = Release|Any CPU
		{EEA97998-CB2B-42D1-89EF-02DB575DE9B5}.Debug|Any CPU.ActiveCfg = Debug|Any CPU
		{EEA97998-CB2B-42D1-89EF-02DB575DE9B5}.Debug|Any CPU.Build.0 = Debug|Any CPU
		{EEA97998-CB2B-42D1-89EF-02DB575DE9B5}.Release|Any CPU.ActiveCfg = Release|Any CPU
		{EEA97998-CB2B-42D1-89EF-02DB575DE9B5}.Release|Any CPU.Build.0 = Release|Any CPU
		{4F9AB045-E80E-44EC-AB71-52B49190ACA8}.Debug|Any CPU.ActiveCfg = Debug|Any CPU
		{4F9AB045-E80E-44EC-AB71-52B49190ACA8}.Debug|Any CPU.Build.0 = Debug|Any CPU
		{4F9AB045-E80E-44EC-AB71-52B49190ACA8}.Release|Any CPU.ActiveCfg = Release|Any CPU
		{4F9AB045-E80E-44EC-AB71-52B49190ACA8}.Release|Any CPU.Build.0 = Release|Any CPU
		{0B546DF1-CAF5-4745-893D-69B059325675}.Debug|Any CPU.ActiveCfg = Debug|Any CPU
		{0B546DF1-CAF5-4745-893D-69B059325675}.Debug|Any CPU.Build.0 = Debug|Any CPU
		{0B546DF1-CAF5-4745-893D-69B059325675}.Release|Any CPU.ActiveCfg = Release|Any CPU
		{0B546DF1-CAF5-4745-893D-69B059325675}.Release|Any CPU.Build.0 = Release|Any CPU
		{F4AD50E7-57FD-41F5-8349-639603765711}.Debug|Any CPU.ActiveCfg = Debug|Any CPU
		{F4AD50E7-57FD-41F5-8349-639603765711}.Debug|Any CPU.Build.0 = Debug|Any CPU
		{F4AD50E7-57FD-41F5-8349-639603765711}.Release|Any CPU.ActiveCfg = Release|Any CPU
		{F4AD50E7-57FD-41F5-8349-639603765711}.Release|Any CPU.Build.0 = Release|Any CPU
		{01046F16-1136-4613-BDEA-CB624AD82A25}.Debug|Any CPU.ActiveCfg = Debug|Any CPU
		{01046F16-1136-4613-BDEA-CB624AD82A25}.Debug|Any CPU.Build.0 = Debug|Any CPU
		{01046F16-1136-4613-BDEA-CB624AD82A25}.Release|Any CPU.ActiveCfg = Release|Any CPU
		{01046F16-1136-4613-BDEA-CB624AD82A25}.Release|Any CPU.Build.0 = Release|Any CPU
	EndGlobalSection
	GlobalSection(NestedProjects) = preSolution
		{AABB21BF-4A48-44D2-AE86-1E5262683C4C} = {4CF79911-C0E7-4EB0-AC65-B9A0317F458D}
		{F8BF9022-6FA5-42CE-8EED-79CF93C1E7EC} = {4CF79911-C0E7-4EB0-AC65-B9A0317F458D}
		{75ECF322-DF81-479A-BB0B-B6DA2B15AC6C} = {4CF79911-C0E7-4EB0-AC65-B9A0317F458D}
		{4ADCB05B-012E-46AA-8808-240CE633D8E9} = {A92749EE-5CDC-4D2C-AD25-5F63F85ABC73}
		{EEF68E59-91FA-41BF-80EB-404186F315C1} = {4CF79911-C0E7-4EB0-AC65-B9A0317F458D}
		{F6937536-174D-4B8D-A2D2-546A697D04DA} = {4CF79911-C0E7-4EB0-AC65-B9A0317F458D}
		{F77B2CCD-2378-4AEF-A980-6047B0409163} = {841E24D3-83D6-49D1-A82D-B7AD815A2C66}
		{AB4C99E0-A943-4D8B-B09C-9167F9AB4985} = {A92749EE-5CDC-4D2C-AD25-5F63F85ABC73}
		{6F156BFE-E485-45FB-805F-952D3696E43D} = {841E24D3-83D6-49D1-A82D-B7AD815A2C66}
		{FA81A311-939B-40FB-BD3A-77A822460288} = {4CF79911-C0E7-4EB0-AC65-B9A0317F458D}
		{FC12E31D-4467-4977-A04B-5FF098EEB9F7} = {A3AF00FF-81B2-40EF-B731-96B069E38B53}
		{F95A0C94-3298-49A7-A89A-70DAB0EC2F87} = {A3AF00FF-81B2-40EF-B731-96B069E38B53}
		{EEA97998-CB2B-42D1-89EF-02DB575DE9B5} = {A3AF00FF-81B2-40EF-B731-96B069E38B53}
		{9E427256-229C-4DD8-A9C5-26294B4B25B1} = {510DC3F2-52AD-431F-B682-CF5BE9FC669E}
		{FEC28F36-EC6D-4299-AEDD-26F61BC94CE2} = {510DC3F2-52AD-431F-B682-CF5BE9FC669E}
		{EDBF7ED5-BC05-40AD-89A6-97CE9D6AFEB1} = {510DC3F2-52AD-431F-B682-CF5BE9FC669E}
		{2684FD42-AFBB-424A-A69C-EEB4E289BFE9} = {510DC3F2-52AD-431F-B682-CF5BE9FC669E}
		{91886E76-D146-4A29-AB29-A058EDCEC8AB} = {510DC3F2-52AD-431F-B682-CF5BE9FC669E}
		{30F64A50-0E1B-4FA2-9C0F-74D5BD82CF57} = {510DC3F2-52AD-431F-B682-CF5BE9FC669E}
		{3F8A98CA-385A-4F77-97E9-164078E93F52} = {510DC3F2-52AD-431F-B682-CF5BE9FC669E}
		{4D38CD2A-9D33-40BC-AA35-8BDEB18AEF56} = {C617A4F5-3DFC-4836-A1DA-DA4CC36DB670}
		{1986A5DF-ED8A-4F75-841B-5E44DD345FCF} = {C617A4F5-3DFC-4836-A1DA-DA4CC36DB670}
		{BA3C48A0-2768-4473-B947-5A0CA4E955A8} = {C617A4F5-3DFC-4836-A1DA-DA4CC36DB670}
		{312E5799-D7D1-4109-8497-04C4AC3B43F5} = {C617A4F5-3DFC-4836-A1DA-DA4CC36DB670}
		{06FCC70E-0507-47E6-A937-84C1EDD71C76} = {C617A4F5-3DFC-4836-A1DA-DA4CC36DB670}
		{13693A3A-95B6-4514-9DB1-EB19F5158E24} = {C617A4F5-3DFC-4836-A1DA-DA4CC36DB670}
		{15194ED1-3CD4-4DC4-BF69-0FD7FE98AC4A} = {510DC3F2-52AD-431F-B682-CF5BE9FC669E}
		{4F9AB045-E80E-44EC-AB71-52B49190ACA8} = {510DC3F2-52AD-431F-B682-CF5BE9FC669E}
		{F3E5A0A9-0ABC-49A6-BA57-A03661807A47} = {510DC3F2-52AD-431F-B682-CF5BE9FC669E}
		{01046F16-1136-4613-BDEA-CB624AD82A25} = {C617A4F5-3DFC-4836-A1DA-DA4CC36DB670}
		{0B546DF1-CAF5-4745-893D-69B059325675} = {C617A4F5-3DFC-4836-A1DA-DA4CC36DB670}
		{F4AD50E7-57FD-41F5-8349-639603765711} = {510DC3F2-52AD-431F-B682-CF5BE9FC669E}
	EndGlobalSection
EndGlobal
